<Solution>
  <Project Path="Aplicacion/Backend.Api.csproj" />
  <Project Path="Backend.Data/Backend.Data.csproj" Id="d2572f75-6ba1-49bf-8730-cd2245186934" />
  <Project Path="Backend.Dependencies/Backend.Dependencies.csproj" Id="e37ad375-136f-4202-9a81-85e2a5eeeadb" />
  <Project Path="Backend.Service/Backend.Service.csproj" Id="5ad20ab9-e493-4508-a12d-1f2741080958" />
</Solution>
